// !$*UTF8*$!
{
	archiveVersion = 1;
	classes = {
	};
	objectVersion = 56;
	objects = {

/* Begin PBXBuildFile section */
		CE094AA92BE62DF7001C37C5 /* BarberApp.swift in Sources */ = {isa = PBXBuildFile; fileRef = CE094AA82BE62DF7001C37C5 /* BarberApp.swift */; };
		CE094AAD2BE62DF8001C37C5 /* Assets.xcassets in Resources */ = {isa = PBXBuildFile; fileRef = CE094AAC2BE62DF8001C37C5 /* Assets.xcassets */; };
		CE094AB02BE62DF8001C37C5 /* Preview Assets.xcassets in Resources */ = {isa = PBXBuildFile; fileRef = CE094AAF2BE62DF8001C37C5 /* Preview Assets.xcassets */; };
		CE094AED2BE62E12001C37C5 /* New_Account_page.swift in Sources */ = {isa = PBXBuildFile; fileRef = CE094AD72BE62E12001C37C5 /* New_Account_page.swift */; };
		CE094AF32BE62E12001C37C5 /* Login Page Meta.swift in Sources */ = {isa = PBXBuildFile; fileRef = CE094ADF2BE62E12001C37C5 /* Login Page Meta.swift */; };
		CE094AF42BE62E12001C37C5 /* Login_page.swift in Sources */ = {isa = PBXBuildFile; fileRef = CE094AE02BE62E12001C37C5 /* Login_page.swift */; };
		CE094AFB2BE62E12001C37C5 /* ZPLAYGROUND.swift in Sources */ = {isa = PBXBuildFile; fileRef = CE094AE72BE62E12001C37C5 /* ZPLAYGROUND.swift */; };
		CE54898E2C05C05200EF0D89 /* GoogleService-Info.plist in Resources */ = {isa = PBXBuildFile; fileRef = CE54898D2C05C05200EF0D89 /* GoogleService-Info.plist */; };
		CE5489912C05C44D00EF0D89 /* FirebaseAuth in Frameworks */ = {isa = PBXBuildFile; productRef = CE5489902C05C44D00EF0D89 /* FirebaseAuth */; };
		CE5489932C05C44D00EF0D89 /* FirebaseFirestore in Frameworks */ = {isa = PBXBuildFile; productRef = CE5489922C05C44D00EF0D89 /* FirebaseFirestore */; };
		CEA5EBAA2BE6362D00E5CC96 /* Objects.swift in Sources */ = {isa = PBXBuildFile; fileRef = CEA5EBA92BE6362D00E5CC96 /* Objects.swift */; };
		CEFEF64C2CF47C0C005A38DD /* Barber_calendar_page.swift in Sources */ = {isa = PBXBuildFile; fileRef = CEFEF6472CF47C0C005A38DD /* Barber_calendar_page.swift */; };
		CEFEF64D2CF47C0C005A38DD /* BarberApp_homepage.swift in Sources */ = {isa = PBXBuildFile; fileRef = CEFEF6482CF47C0C005A38DD /* BarberApp_homepage.swift */; };
		CEFEF64E2CF47C0C005A38DD /* BarberCalendar_page.swift in Sources */ = {isa = PBXBuildFile; fileRef = CEFEF6492CF47C0C005A38DD /* BarberCalendar_page.swift */; };
		CEFEF64F2CF47C0C005A38DD /* ClientList_page.swift in Sources */ = {isa = PBXBuildFile; fileRef = CEFEF64A2CF47C0C005A38DD /* ClientList_page.swift */; };
		CEFEF6502CF47C0C005A38DD /* NextClient_page.swift in Sources */ = {isa = PBXBuildFile; fileRef = CEFEF64B2CF47C0C005A38DD /* NextClient_page.swift */; };
/* End PBXBuildFile section */

/* Begin PBXContainerItemProxy section */
		CE094AB62BE62DF8001C37C5 /* PBXContainerItemProxy */ = {
			isa = PBXContainerItemProxy;
			containerPortal = CE094A9D2BE62DF7001C37C5 /* Project object */;
			proxyType = 1;
			remoteGlobalIDString = CE094AA42BE62DF7001C37C5;
			remoteInfo = latest;
		};
		CE094AC02BE62DF8001C37C5 /* PBXContainerItemProxy */ = {
			isa = PBXContainerItemProxy;
			containerPortal = CE094A9D2BE62DF7001C37C5 /* Project object */;
			proxyType = 1;
			remoteGlobalIDString = CE094AA42BE62DF7001C37C5;
			remoteInfo = latest;
		};
/* End PBXContainerItemProxy section */

/* Begin PBXFileReference section */
		CE094AA52BE62DF7001C37C5 /* Barber_Application.app */ = {isa = PBXFileReference; explicitFileType = wrapper.application; includeInIndex = 0; path = Barber_Application.app; sourceTree = BUILT_PRODUCTS_DIR; };
		CE094AA82BE62DF7001C37C5 /* BarberApp.swift */ = {isa = PBXFileReference; lastKnownFileType = sourcecode.swift; path = BarberApp.swift; sourceTree = "<group>"; };
		CE094AAC2BE62DF8001C37C5 /* Assets.xcassets */ = {isa = PBXFileReference; lastKnownFileType = folder.assetcatalog; path = Assets.xcassets; sourceTree = "<group>"; };
		CE094AAF2BE62DF8001C37C5 /* Preview Assets.xcassets */ = {isa = PBXFileReference; lastKnownFileType = folder.assetcatalog; path = "Preview Assets.xcassets"; sourceTree = "<group>"; };
		CE094AB52BE62DF8001C37C5 /* Barber_ApplicationTests.xctest */ = {isa = PBXFileReference; explicitFileType = wrapper.cfbundle; includeInIndex = 0; path = Barber_ApplicationTests.xctest; sourceTree = BUILT_PRODUCTS_DIR; };
		CE094ABF2BE62DF8001C37C5 /* Barber_ApplicationUITests.xctest */ = {isa = PBXFileReference; explicitFileType = wrapper.cfbundle; includeInIndex = 0; path = Barber_ApplicationUITests.xctest; sourceTree = BUILT_PRODUCTS_DIR; };
		CE094AD72BE62E12001C37C5 /* New_Account_page.swift */ = {isa = PBXFileReference; fileEncoding = 4; lastKnownFileType = sourcecode.swift; path = New_Account_page.swift; sourceTree = "<group>"; };
		CE094ADF2BE62E12001C37C5 /* Login Page Meta.swift */ = {isa = PBXFileReference; fileEncoding = 4; lastKnownFileType = sourcecode.swift; path = "Login Page Meta.swift"; sourceTree = "<group>"; };
		CE094AE02BE62E12001C37C5 /* Login_page.swift */ = {isa = PBXFileReference; fileEncoding = 4; lastKnownFileType = sourcecode.swift; path = Login_page.swift; sourceTree = "<group>"; };
		CE094AE72BE62E12001C37C5 /* ZPLAYGROUND.swift */ = {isa = PBXFileReference; fileEncoding = 4; lastKnownFileType = sourcecode.swift; path = ZPLAYGROUND.swift; sourceTree = "<group>"; };
		CE54898D2C05C05200EF0D89 /* GoogleService-Info.plist */ = {isa = PBXFileReference; fileEncoding = 4; lastKnownFileType = text.plist.xml; path = "GoogleService-Info.plist"; sourceTree = "<group>"; };
		CEA5EBA92BE6362D00E5CC96 /* Objects.swift */ = {isa = PBXFileReference; lastKnownFileType = sourcecode.swift; path = Objects.swift; sourceTree = "<group>"; };
		CEFEF6472CF47C0C005A38DD /* Barber_calendar_page.swift */ = {isa = PBXFileReference; lastKnownFileType = sourcecode.swift; path = Barber_calendar_page.swift; sourceTree = "<group>"; };
		CEFEF6482CF47C0C005A38DD /* BarberApp_homepage.swift */ = {isa = PBXFileReference; lastKnownFileType = sourcecode.swift; path = BarberApp_homepage.swift; sourceTree = "<group>"; };
		CEFEF6492CF47C0C005A38DD /* BarberCalendar_page.swift */ = {isa = PBXFileReference; lastKnownFileType = sourcecode.swift; path = BarberCalendar_page.swift; sourceTree = "<group>"; };
		CEFEF64A2CF47C0C005A38DD /* ClientList_page.swift */ = {isa = PBXFileReference; lastKnownFileType = sourcecode.swift; path = ClientList_page.swift; sourceTree = "<group>"; };
		CEFEF64B2CF47C0C005A38DD /* NextClient_page.swift */ = {isa = PBXFileReference; lastKnownFileType = sourcecode.swift; path = NextClient_page.swift; sourceTree = "<group>"; };
/* End PBXFileReference section */

/* Begin PBXFrameworksBuildPhase section */
		CE094AA22BE62DF7001C37C5 /* Frameworks */ = {
			isa = PBXFrameworksBuildPhase;
			buildActionMask = 2147483647;
			files = (
				CE5489912C05C44D00EF0D89 /* FirebaseAuth in Frameworks */,
				CE5489932C05C44D00EF0D89 /* FirebaseFirestore in Frameworks */,
			);
			runOnlyForDeploymentPostprocessing = 0;
		};
		CE094AB22BE62DF8001C37C5 /* Frameworks */ = {
			isa = PBXFrameworksBuildPhase;
			buildActionMask = 2147483647;
			files = (
			);
			runOnlyForDeploymentPostprocessing = 0;
		};
		CE094ABC2BE62DF8001C37C5 /* Frameworks */ = {
			isa = PBXFrameworksBuildPhase;
			buildActionMask = 2147483647;
			files = (
			);
			runOnlyForDeploymentPostprocessing = 0;
		};
/* End PBXFrameworksBuildPhase section */

/* Begin PBXGroup section */
		CE094A9C2BE62DF7001C37C5 = {
			isa = PBXGroup;
			children = (
				CE094AA72BE62DF7001C37C5 /* Barber_Application */,
				CE094AA62BE62DF7001C37C5 /* Products */,
			);
			sourceTree = "<group>";
		};
		CE094AA62BE62DF7001C37C5 /* Products */ = {
			isa = PBXGroup;
			children = (
				CE094AA52BE62DF7001C37C5 /* Barber_Application.app */,
				CE094AB52BE62DF8001C37C5 /* Barber_ApplicationTests.xctest */,
				CE094ABF2BE62DF8001C37C5 /* Barber_ApplicationUITests.xctest */,
			);
			name = Products;
			sourceTree = "<group>";
		};
		CE094AA72BE62DF7001C37C5 /* Barber_Application */ = {
			isa = PBXGroup;
			children = (
				CE094AA82BE62DF7001C37C5 /* BarberApp.swift */,
				CEA5EBA92BE6362D00E5CC96 /* Objects.swift */,
				CE094AE72BE62E12001C37C5 /* ZPLAYGROUND.swift */,
				CE54898D2C05C05200EF0D89 /* GoogleService-Info.plist */,
				CE094AAC2BE62DF8001C37C5 /* Assets.xcassets */,
				CE094AAE2BE62DF8001C37C5 /* Preview Content */,
				CEFEF6472CF47C0C005A38DD /* Barber_calendar_page.swift */,
				CEFEF6482CF47C0C005A38DD /* BarberApp_homepage.swift */,
				CEFEF6492CF47C0C005A38DD /* BarberCalendar_page.swift */,
				CEFEF64A2CF47C0C005A38DD /* ClientList_page.swift */,
				CEFEF64B2CF47C0C005A38DD /* NextClient_page.swift */,
				CE094AD92BE62E12001C37C5 /* Login_Page */,
				CE094AAF2BE62DF8001C37C5 /* Preview Assets.xcassets */,
			);
			path = Barber_Application;
			sourceTree = "<group>";
		};
		CE094AAE2BE62DF8001C37C5 /* Preview Content */ = {
			isa = PBXGroup;
			children = (
			);
			path = "Preview Content";
			sourceTree = "<group>";
		};
		CE094AD92BE62E12001C37C5 /* Login_Page */ = {
			isa = PBXGroup;
			children = (
				CE094AD72BE62E12001C37C5 /* New_Account_page.swift */,
				CE094AE02BE62E12001C37C5 /* Login_page.swift */,
				CE094ADF2BE62E12001C37C5 /* Login Page Meta.swift */,
			);
			path = Login_Page;
			sourceTree = "<group>";
		};
/* End PBXGroup section */

/* Begin PBXNativeTarget section */
		CE094AA42BE62DF7001C37C5 /* Barber_Application */ = {
			isa = PBXNativeTarget;
			buildConfigurationList = CE094AC92BE62DF8001C37C5 /* Build configuration list for PBXNativeTarget "Barber_Application" */;
			buildPhases = (
				CE094AA12BE62DF7001C37C5 /* Sources */,
				CE094AA22BE62DF7001C37C5 /* Frameworks */,
				CE094AA32BE62DF7001C37C5 /* Resources */,
			);
			buildRules = (
			);
			dependencies = (
			);
			name = Barber_Application;
			packageProductDependencies = (
				CE5489902C05C44D00EF0D89 /* FirebaseAuth */,
				CE5489922C05C44D00EF0D89 /* FirebaseFirestore */,
			);
			productName = latest;
			productReference = CE094AA52BE62DF7001C37C5 /* Barber_Application.app */;
			productType = "com.apple.product-type.application";
		};
		CE094AB42BE62DF8001C37C5 /* Barber_ApplicationTests */ = {
			isa = PBXNativeTarget;
			buildConfigurationList = CE094ACC2BE62DF8001C37C5 /* Build configuration list for PBXNativeTarget "Barber_ApplicationTests" */;
			buildPhases = (
				CE094AB12BE62DF8001C37C5 /* Sources */,
				CE094AB22BE62DF8001C37C5 /* Frameworks */,
				CE094AB32BE62DF8001C37C5 /* Resources */,
			);
			buildRules = (
			);
			dependencies = (
				CE094AB72BE62DF8001C37C5 /* PBXTargetDependency */,
			);
			name = Barber_ApplicationTests;
			productName = latestTests;
			productReference = CE094AB52BE62DF8001C37C5 /* Barber_ApplicationTests.xctest */;
			productType = "com.apple.product-type.bundle.unit-test";
		};
		CE094ABE2BE62DF8001C37C5 /* Barber_ApplicationUITests */ = {
			isa = PBXNativeTarget;
			buildConfigurationList = CE094ACF2BE62DF8001C37C5 /* Build configuration list for PBXNativeTarget "Barber_ApplicationUITests" */;
			buildPhases = (
				CE094ABB2BE62DF8001C37C5 /* Sources */,
				CE094ABC2BE62DF8001C37C5 /* Frameworks */,
				CE094ABD2BE62DF8001C37C5 /* Resources */,
			);
			buildRules = (
			);
			dependencies = (
				CE094AC12BE62DF8001C37C5 /* PBXTargetDependency */,
			);
			name = Barber_ApplicationUITests;
			productName = latestUITests;
			productReference = CE094ABF2BE62DF8001C37C5 /* Barber_ApplicationUITests.xctest */;
			productType = "com.apple.product-type.bundle.ui-testing";
		};
/* End PBXNativeTarget section */

/* Begin PBXProject section */
		CE094A9D2BE62DF7001C37C5 /* Project object */ = {
			isa = PBXProject;
			attributes = {
				BuildIndependentTargetsInParallel = 1;
				LastSwiftUpdateCheck = 1540;
				LastUpgradeCheck = 1540;
				TargetAttributes = {
					CE094AA42BE62DF7001C37C5 = {
						CreatedOnToolsVersion = 15.4;
					};
					CE094AB42BE62DF8001C37C5 = {
						CreatedOnToolsVersion = 15.4;
						TestTargetID = CE094AA42BE62DF7001C37C5;
					};
					CE094ABE2BE62DF8001C37C5 = {
						CreatedOnToolsVersion = 15.4;
						TestTargetID = CE094AA42BE62DF7001C37C5;
					};
				};
			};
			buildConfigurationList = CE094AA02BE62DF7001C37C5 /* Build configuration list for PBXProject "Barber_Application" */;
			compatibilityVersion = "Xcode 14.0";
			developmentRegion = en;
			hasScannedForEncodings = 0;
			knownRegions = (
				en,
				Base,
			);
			mainGroup = CE094A9C2BE62DF7001C37C5;
			packageReferences = (
				CE54898F2C05C44C00EF0D89 /* XCRemoteSwiftPackageReference "firebase-ios-sdk" */,
			);
			productRefGroup = CE094AA62BE62DF7001C37C5 /* Products */;
			projectDirPath = "";
			projectRoot = "";
			targets = (
				CE094AA42BE62DF7001C37C5 /* Barber_Application */,
				CE094AB42BE62DF8001C37C5 /* Barber_ApplicationTests */,
				CE094ABE2BE62DF8001C37C5 /* Barber_ApplicationUITests */,
			);
		};
/* End PBXProject section */

/* Begin PBXResourcesBuildPhase section */
		CE094AA32BE62DF7001C37C5 /* Resources */ = {
			isa = PBXResourcesBuildPhase;
			buildActionMask = 2147483647;
			files = (
				CE094AB02BE62DF8001C37C5 /* Preview Assets.xcassets in Resources */,
				CE094AAD2BE62DF8001C37C5 /* Assets.xcassets in Resources */,
				CE54898E2C05C05200EF0D89 /* GoogleService-Info.plist in Resources */,
			);
			runOnlyForDeploymentPostprocessing = 0;
		};
		CE094AB32BE62DF8001C37C5 /* Resources */ = {
			isa = PBXResourcesBuildPhase;
			buildActionMask = 2147483647;
			files = (
			);
			runOnlyForDeploymentPostprocessing = 0;
		};
		CE094ABD2BE62DF8001C37C5 /* Resources */ = {
			isa = PBXResourcesBuildPhase;
			buildActionMask = 2147483647;
			files = (
			);
			runOnlyForDeploymentPostprocessing = 0;
		};
/* End PBXResourcesBuildPhase section */

/* Begin PBXSourcesBuildPhase section */
		CE094AA12BE62DF7001C37C5 /* Sources */ = {
			isa = PBXSourcesBuildPhase;
			buildActionMask = 2147483647;
			files = (
				CE094AF42BE62E12001C37C5 /* Login_page.swift in Sources */,
				CEA5EBAA2BE6362D00E5CC96 /* Objects.swift in Sources */,
				CE094AFB2BE62E12001C37C5 /* ZPLAYGROUND.swift in Sources */,
				CE094AF32BE62E12001C37C5 /* Login Page Meta.swift in Sources */,
				CE094AED2BE62E12001C37C5 /* New_Account_page.swift in Sources */,
				CEFEF64C2CF47C0C005A38DD /* Barber_calendar_page.swift in Sources */,
				CEFEF64D2CF47C0C005A38DD /* BarberApp_homepage.swift in Sources */,
				CEFEF64E2CF47C0C005A38DD /* BarberCalendar_page.swift in Sources */,
				CEFEF64F2CF47C0C005A38DD /* ClientList_page.swift in Sources */,
				CEFEF6502CF47C0C005A38DD /* NextClient_page.swift in Sources */,
				CE094AA92BE62DF7001C37C5 /* BarberApp.swift in Sources */,
			);
			runOnlyForDeploymentPostprocessing = 0;
		};
		CE094AB12BE62DF8001C37C5 /* Sources */ = {
			isa = PBXSourcesBuildPhase;
			buildActionMask = 2147483647;
			files = (
			);
			runOnlyForDeploymentPostprocessing = 0;
		};
		CE094ABB2BE62DF8001C37C5 /* Sources */ = {
			isa = PBXSourcesBuildPhase;
			buildActionMask = 2147483647;
			files = (
			);
			runOnlyForDeploymentPostprocessing = 0;
		};
/* End PBXSourcesBuildPhase section */

/* Begin PBXTargetDependency section */
		CE094AB72BE62DF8001C37C5 /* PBXTargetDependency */ = {
			isa = PBXTargetDependency;
			target = CE094AA42BE62DF7001C37C5 /* Barber_Application */;
			targetProxy = CE094AB62BE62DF8001C37C5 /* PBXContainerItemProxy */;
		};
		CE094AC12BE62DF8001C37C5 /* PBXTargetDependency */ = {
			isa = PBXTargetDependency;
			target = CE094AA42BE62DF7001C37C5 /* Barber_Application */;
			targetProxy = CE094AC02BE62DF8001C37C5 /* PBXContainerItemProxy */;
		};
/* End PBXTargetDependency section */

/* Begin XCBuildConfiguration section */
		CE094AC72BE62DF8001C37C5 /* Debug */ = {
			isa = XCBuildConfiguration;
			buildSettings = {
				ALWAYS_SEARCH_USER_PATHS = NO;
				ASSETCATALOG_COMPILER_GENERATE_SWIFT_ASSET_SYMBOL_EXTENSIONS = YES;
				CLANG_ANALYZER_NONNULL = YES;
				CLANG_ANALYZER_NUMBER_OBJECT_CONVERSION = YES_AGGRESSIVE;
				CLANG_CXX_LANGUAGE_STANDARD = "gnu++20";
				CLANG_ENABLE_MODULES = YES;
				CLANG_ENABLE_OBJC_ARC = YES;
				CLANG_ENABLE_OBJC_WEAK = YES;
				CLANG_WARN_BLOCK_CAPTURE_AUTORELEASING = YES;
				CLANG_WARN_BOOL_CONVERSION = YES;
				CLANG_WARN_COMMA = YES;
				CLANG_WARN_CONSTANT_CONVERSION = YES;
				CLANG_WARN_DEPRECATED_OBJC_IMPLEMENTATIONS = YES;
				CLANG_WARN_DIRECT_OBJC_ISA_USAGE = YES_ERROR;
				CLANG_WARN_DOCUMENTATION_COMMENTS = YES;
				CLANG_WARN_EMPTY_BODY = YES;
				CLANG_WARN_ENUM_CONVERSION = YES;
				CLANG_WARN_INFINITE_RECURSION = YES;
				CLANG_WARN_INT_CONVERSION = YES;
				CLANG_WARN_NON_LITERAL_NULL_CONVERSION = YES;
				CLANG_WARN_OBJC_IMPLICIT_RETAIN_SELF = YES;
				CLANG_WARN_OBJC_LITERAL_CONVERSION = YES;
				CLANG_WARN_OBJC_ROOT_CLASS = YES_ERROR;
				CLANG_WARN_QUOTED_INCLUDE_IN_FRAMEWORK_HEADER = YES;
				CLANG_WARN_RANGE_LOOP_ANALYSIS = YES;
				CLANG_WARN_STRICT_PROTOTYPES = YES;
				CLANG_WARN_SUSPICIOUS_MOVE = YES;
				CLANG_WARN_UNGUARDED_AVAILABILITY = YES_AGGRESSIVE;
				CLANG_WARN_UNREACHABLE_CODE = YES;
				CLANG_WARN__DUPLICATE_METHOD_MATCH = YES;
				COPY_PHASE_STRIP = NO;
				DEBUG_INFORMATION_FORMAT = dwarf;
				ENABLE_STRICT_OBJC_MSGSEND = YES;
				ENABLE_TESTABILITY = YES;
				ENABLE_USER_SCRIPT_SANDBOXING = YES;
				GCC_C_LANGUAGE_STANDARD = gnu17;
				GCC_DYNAMIC_NO_PIC = NO;
				GCC_NO_COMMON_BLOCKS = YES;
				GCC_OPTIMIZATION_LEVEL = 0;
				GCC_PREPROCESSOR_DEFINITIONS = (
					"DEBUG=1",
					"$(inherited)",
				);
				GCC_WARN_64_TO_32_BIT_CONVERSION = YES;
				GCC_WARN_ABOUT_RETURN_TYPE = YES_ERROR;
				GCC_WARN_UNDECLARED_SELECTOR = YES;
				GCC_WARN_UNINITIALIZED_AUTOS = YES_AGGRESSIVE;
				GCC_WARN_UNUSED_FUNCTION = YES;
				GCC_WARN_UNUSED_VARIABLE = YES;
				IPHONEOS_DEPLOYMENT_TARGET = 17.5;
				LOCALIZATION_PREFERS_STRING_CATALOGS = YES;
				MTL_ENABLE_DEBUG_INFO = INCLUDE_SOURCE;
				MTL_FAST_MATH = YES;
				ONLY_ACTIVE_ARCH = YES;
				SDKROOT = iphoneos;
				SWIFT_ACTIVE_COMPILATION_CONDITIONS = "DEBUG $(inherited)";
				SWIFT_OPTIMIZATION_LEVEL = "-Onone";
			};
			name = Debug;
		};
		CE094AC82BE62DF8001C37C5 /* Release */ = {
			isa = XCBuildConfiguration;
			buildSettings = {
				ALWAYS_SEARCH_USER_PATHS = NO;
				ASSETCATALOG_COMPILER_GENERATE_SWIFT_ASSET_SYMBOL_EXTENSIONS = YES;
				CLANG_ANALYZER_NONNULL = YES;
				CLANG_ANALYZER_NUMBER_OBJECT_CONVERSION = YES_AGGRESSIVE;
				CLANG_CXX_LANGUAGE_STANDARD = "gnu++20";
				CLANG_ENABLE_MODULES = YES;
				CLANG_ENABLE_OBJC_ARC = YES;
				CLANG_ENABLE_OBJC_WEAK = YES;
				CLANG_WARN_BLOCK_CAPTURE_AUTORELEASING = YES;
				CLANG_WARN_BOOL_CONVERSION = YES;
				CLANG_WARN_COMMA = YES;
				CLANG_WARN_CONSTANT_CONVERSION = YES;
				CLANG_WARN_DEPRECATED_OBJC_IMPLEMENTATIONS = YES;
				CLANG_WARN_DIRECT_OBJC_ISA_USAGE = YES_ERROR;
				CLANG_WARN_DOCUMENTATION_COMMENTS = YES;
				CLANG_WARN_EMPTY_BODY = YES;
				CLANG_WARN_ENUM_CONVERSION = YES;
				CLANG_WARN_INFINITE_RECURSION = YES;
				CLANG_WARN_INT_CONVERSION = YES;
				CLANG_WARN_NON_LITERAL_NULL_CONVERSION = YES;
				CLANG_WARN_OBJC_IMPLICIT_RETAIN_SELF = YES;
				CLANG_WARN_OBJC_LITERAL_CONVERSION = YES;
				CLANG_WARN_OBJC_ROOT_CLASS = YES_ERROR;
				CLANG_WARN_QUOTED_INCLUDE_IN_FRAMEWORK_HEADER = YES;
				CLANG_WARN_RANGE_LOOP_ANALYSIS = YES;
				CLANG_WARN_STRICT_PROTOTYPES = YES;
				CLANG_WARN_SUSPICIOUS_MOVE = YES;
				CLANG_WARN_UNGUARDED_AVAILABILITY = YES_AGGRESSIVE;
				CLANG_WARN_UNREACHABLE_CODE = YES;
				CLANG_WARN__DUPLICATE_METHOD_MATCH = YES;
				COPY_PHASE_STRIP = NO;
				DEBUG_INFORMATION_FORMAT = "dwarf-with-dsym";
				ENABLE_NS_ASSERTIONS = NO;
				ENABLE_STRICT_OBJC_MSGSEND = YES;
				ENABLE_USER_SCRIPT_SANDBOXING = YES;
				GCC_C_LANGUAGE_STANDARD = gnu17;
				GCC_NO_COMMON_BLOCKS = YES;
				GCC_WARN_64_TO_32_BIT_CONVERSION = YES;
				GCC_WARN_ABOUT_RETURN_TYPE = YES_ERROR;
				GCC_WARN_UNDECLARED_SELECTOR = YES;
				GCC_WARN_UNINITIALIZED_AUTOS = YES_AGGRESSIVE;
				GCC_WARN_UNUSED_FUNCTION = YES;
				GCC_WARN_UNUSED_VARIABLE = YES;
				IPHONEOS_DEPLOYMENT_TARGET = 17.5;
				LOCALIZATION_PREFERS_STRING_CATALOGS = YES;
				MTL_ENABLE_DEBUG_INFO = NO;
				MTL_FAST_MATH = YES;
				SDKROOT = iphoneos;
				SWIFT_COMPILATION_MODE = wholemodule;
				VALIDATE_PRODUCT = YES;
			};
			name = Release;
		};
		CE094ACA2BE62DF8001C37C5 /* Debug */ = {
			isa = XCBuildConfiguration;
			buildSettings = {
				ASSETCATALOG_COMPILER_APPICON_NAME = AppIcon;
				ASSETCATALOG_COMPILER_GLOBAL_ACCENT_COLOR_NAME = AccentColor;
				CODE_SIGN_STYLE = Automatic;
				CURRENT_PROJECT_VERSION = 1;
				DEVELOPMENT_ASSET_PATHS = "\"Barber_Application/Preview Content\"";
				DEVELOPMENT_TEAM = 8L5269Z4YL;
				ENABLE_PREVIEWS = YES;
				GENERATE_INFOPLIST_FILE = YES;
				INFOPLIST_KEY_UIApplicationSceneManifest_Generation = YES;
				INFOPLIST_KEY_UIApplicationSupportsIndirectInputEvents = YES;
				INFOPLIST_KEY_UILaunchScreen_Generation = YES;
				INFOPLIST_KEY_UISupportedInterfaceOrientations_iPad = "UIInterfaceOrientationPortrait UIInterfaceOrientationPortraitUpsideDown UIInterfaceOrientationLandscapeLeft UIInterfaceOrientationLandscapeRight";
				INFOPLIST_KEY_UISupportedInterfaceOrientations_iPhone = "UIInterfaceOrientationPortrait UIInterfaceOrientationLandscapeLeft UIInterfaceOrientationLandscapeRight";
				"INFOPLIST_KEY_UIUserInterfaceStyle[sdk=*]" = Dark;
				IPHONEOS_DEPLOYMENT_TARGET = 17.0;
				LD_RUNPATH_SEARCH_PATHS = (
					"$(inherited)",
					"@executable_path/Frameworks",
				);
				MARKETING_VERSION = 1.0;
				PRODUCT_BUNDLE_IDENTIFIER = zcc.latest;
				PRODUCT_NAME = "$(TARGET_NAME)";
				SWIFT_EMIT_LOC_STRINGS = YES;
				SWIFT_VERSION = 5.0;
				TARGETED_DEVICE_FAMILY = "1,2";
			};
			name = Debug;
		};
		CE094ACB2BE62DF8001C37C5 /* Release */ = {
			isa = XCBuildConfiguration;
			buildSettings = {
				ASSETCATALOG_COMPILER_APPICON_NAME = AppIcon;
				ASSETCATALOG_COMPILER_GLOBAL_ACCENT_COLOR_NAME = AccentColor;
				CODE_SIGN_STYLE = Automatic;
				CURRENT_PROJECT_VERSION = 1;
				DEVELOPMENT_ASSET_PATHS = "\"Barber_Application/Preview Content\"";
				DEVELOPMENT_TEAM = 8L5269Z4YL;
				ENABLE_PREVIEWS = YES;
				GENERATE_INFOPLIST_FILE = YES;
				INFOPLIST_KEY_UIApplicationSceneManifest_Generation = YES;
				INFOPLIST_KEY_UIApplicationSupportsIndirectInputEvents = YES;
				INFOPLIST_KEY_UILaunchScreen_Generation = YES;
				INFOPLIST_KEY_UISupportedInterfaceOrientations_iPad = "UIInterfaceOrientationPortrait UIInterfaceOrientationPortraitUpsideDown UIInterfaceOrientationLandscapeLeft UIInterfaceOrientationLandscapeRight";
				INFOPLIST_KEY_UISupportedInterfaceOrientations_iPhone = "UIInterfaceOrientationPortrait UIInterfaceOrientationLandscapeLeft UIInterfaceOrientationLandscapeRight";
				"INFOPLIST_KEY_UIUserInterfaceStyle[sdk=*]" = Dark;
				IPHONEOS_DEPLOYMENT_TARGET = 17.0;
				LD_RUNPATH_SEARCH_PATHS = (
					"$(inherited)",
					"@executable_path/Frameworks",
				);
				MARKETING_VERSION = 1.0;
				PRODUCT_BUNDLE_IDENTIFIER = zcc.latest;
				PRODUCT_NAME = "$(TARGET_NAME)";
				SWIFT_EMIT_LOC_STRINGS = YES;
				SWIFT_VERSION = 5.0;
				TARGETED_DEVICE_FAMILY = "1,2";
			};
			name = Release;
		};
		CE094ACD2BE62DF8001C37C5 /* Debug */ = {
			isa = XCBuildConfiguration;
			buildSettings = {
				BUNDLE_LOADER = "$(TEST_HOST)";
				CODE_SIGN_STYLE = Automatic;
				CURRENT_PROJECT_VERSION = 1;
				DEVELOPMENT_TEAM = 8L5269Z4YL;
				GENERATE_INFOPLIST_FILE = YES;
				IPHONEOS_DEPLOYMENT_TARGET = 17.5;
				MARKETING_VERSION = 1.0;
				PRODUCT_BUNDLE_IDENTIFIER = zcc.latestTests;
				PRODUCT_NAME = "$(TARGET_NAME)";
				SWIFT_EMIT_LOC_STRINGS = NO;
				SWIFT_VERSION = 5.0;
				TARGETED_DEVICE_FAMILY = "1,2";
				TEST_HOST = "$(BUILT_PRODUCTS_DIR)/Barber_Application.app/$(BUNDLE_EXECUTABLE_FOLDER_PATH)/Barber_Application";
			};
			name = Debug;
		};
		CE094ACE2BE62DF8001C37C5 /* Release */ = {
			isa = XCBuildConfiguration;
			buildSettings = {
				BUNDLE_LOADER = "$(TEST_HOST)";
				CODE_SIGN_STYLE = Automatic;
				CURRENT_PROJECT_VERSION = 1;
				DEVELOPMENT_TEAM = 8L5269Z4YL;
				GENERATE_INFOPLIST_FILE = YES;
				IPHONEOS_DEPLOYMENT_TARGET = 17.5;
				MARKETING_VERSION = 1.0;
				PRODUCT_BUNDLE_IDENTIFIER = zcc.latestTests;
				PRODUCT_NAME = "$(TARGET_NAME)";
				SWIFT_EMIT_LOC_STRINGS = NO;
				SWIFT_VERSION = 5.0;
				TARGETED_DEVICE_FAMILY = "1,2";
				TEST_HOST = "$(BUILT_PRODUCTS_DIR)/Barber_Application.app/$(BUNDLE_EXECUTABLE_FOLDER_PATH)/Barber_Application";
			};
			name = Release;
		};
		CE094AD02BE62DF8001C37C5 /* Debug */ = {
			isa = XCBuildConfiguration;
			buildSettings = {
				CODE_SIGN_STYLE = Automatic;
				CURRENT_PROJECT_VERSION = 1;
				DEVELOPMENT_TEAM = 8L5269Z4YL;
				GENERATE_INFOPLIST_FILE = YES;
				MARKETING_VERSION = 1.0;
				PRODUCT_BUNDLE_IDENTIFIER = zcc.latestUITests;
				PRODUCT_NAME = "$(TARGET_NAME)";
				SWIFT_EMIT_LOC_STRINGS = NO;
				SWIFT_VERSION = 5.0;
				TARGETED_DEVICE_FAMILY = "1,2";
				TEST_TARGET_NAME = latest;
			};
			name = Debug;
		};
		CE094AD12BE62DF8001C37C5 /* Release */ = {
			isa = XCBuildConfiguration;
			buildSettings = {
				CODE_SIGN_STYLE = Automatic;
				CURRENT_PROJECT_VERSION = 1;
				DEVELOPMENT_TEAM = 8L5269Z4YL;
				GENERATE_INFOPLIST_FILE = YES;
				MARKETING_VERSION = 1.0;
				PRODUCT_BUNDLE_IDENTIFIER = zcc.latestUITests;
				PRODUCT_NAME = "$(TARGET_NAME)";
				SWIFT_EMIT_LOC_STRINGS = NO;
				SWIFT_VERSION = 5.0;
				TARGETED_DEVICE_FAMILY = "1,2";
				TEST_TARGET_NAME = latest;
			};
			name = Release;
		};
/* End XCBuildConfiguration section */

/* Begin XCConfigurationList section */
		CE094AA02BE62DF7001C37C5 /* Build configuration list for PBXProject "Barber_Application" */ = {
			isa = XCConfigurationList;
			buildConfigurations = (
				CE094AC72BE62DF8001C37C5 /* Debug */,
				CE094AC82BE62DF8001C37C5 /* Release */,
			);
			defaultConfigurationIsVisible = 0;
			defaultConfigurationName = Release;
		};
		CE094AC92BE62DF8001C37C5 /* Build configuration list for PBXNativeTarget "Barber_Application" */ = {
			isa = XCConfigurationList;
			buildConfigurations = (
				CE094ACA2BE62DF8001C37C5 /* Debug */,
				CE094ACB2BE62DF8001C37C5 /* Release */,
			);
			defaultConfigurationIsVisible = 0;
			defaultConfigurationName = Release;
		};
		CE094ACC2BE62DF8001C37C5 /* Build configuration list for PBXNativeTarget "Barber_ApplicationTests" */ = {
			isa = XCConfigurationList;
			buildConfigurations = (
				CE094ACD2BE62DF8001C37C5 /* Debug */,
				CE094ACE2BE62DF8001C37C5 /* Release */,
			);
			defaultConfigurationIsVisible = 0;
			defaultConfigurationName = Release;
		};
		CE094ACF2BE62DF8001C37C5 /* Build configuration list for PBXNativeTarget "Barber_ApplicationUITests" */ = {
			isa = XCConfigurationList;
			buildConfigurations = (
				CE094AD02BE62DF8001C37C5 /* Debug */,
				CE094AD12BE62DF8001C37C5 /* Release */,
			);
			defaultConfigurationIsVisible = 0;
			defaultConfigurationName = Release;
		};
/* End XCConfigurationList section */

/* Begin XCRemoteSwiftPackageReference section */
		CE54898F2C05C44C00EF0D89 /* XCRemoteSwiftPackageReference "firebase-ios-sdk" */ = {
			isa = XCRemoteSwiftPackageReference;
			repositoryURL = "https://github.com/firebase/firebase-ios-sdk.git";
			requirement = {
				kind = upToNextMajorVersion;
				minimumVersion = 10.26.0;
			};
		};
/* End XCRemoteSwiftPackageReference section */

/* Begin XCSwiftPackageProductDependency section */
		CE5489902C05C44D00EF0D89 /* FirebaseAuth */ = {
			isa = XCSwiftPackageProductDependency;
			package = CE54898F2C05C44C00EF0D89 /* XCRemoteSwiftPackageReference "firebase-ios-sdk" */;
			productName = FirebaseAuth;
		};
		CE5489922C05C44D00EF0D89 /* FirebaseFirestore */ = {
			isa = XCSwiftPackageProductDependency;
			package = CE54898F2C05C44C00EF0D89 /* XCRemoteSwiftPackageReference "firebase-ios-sdk" */;
			productName = FirebaseFirestore;
		};
/* End XCSwiftPackageProductDependency section */
	};
	rootObject = CE094A9D2BE62DF7001C37C5 /* Project object */;
}
